
Microsoft Visual Studio Solution File, Format Version 12.00
# Visual Studio Version 17
VisualStudioVersion = 17.6.33815.320
MinimumVisualStudioVersion = 10.0.40219.1
Project("{FAE04EC0-301F-11D3-BF4B-00C04F79EFBC}") = "WebApplication3", "WebApplication3\WebApplication3.csproj", "{A5830034-B344-4D47-AD48-56657F64242C}"
EndProject
Global
	GlobalSection(SolutionConfigurationPlatforms) = preSolution
		Debug|Any CPU = Debug|Any CPU
		Release|Any CPU = Release|Any CPU
	EndGlobalSection
	GlobalSection(ProjectConfigurationPlatforms) = postSolution
		{A5830034-B344-4D47-AD48-56657F64242C}.Debug|Any CPU.ActiveCfg = Debug|Any CPU
		{A5830034-B344-4D47-AD48-56657F64242C}.Debug|Any CPU.Build.0 = Debug|Any CPU
		{A5830034-B344-4D47-AD48-56657F64242C}.Release|Any CPU.ActiveCfg = Release|Any CPU
		{A5830034-B344-4D47-AD48-56657F64242C}.Release|Any CPU.Build.0 = Release|Any CPU
	EndGlobalSection
	GlobalSection(SolutionProperties) = preSolution
		HideSolutionNode = FALSE
	EndGlobalSection
	GlobalSection(ExtensibilityGlobals) = postSolution
		SolutionGuid = {8EE9DEE6-0E6A-49E0-859E-4EFC6F26F724}
	EndGlobalSection
EndGlobal
